github.com/google/go-cmp v0.6.0 h1:ofyhxvXcZhMsU5ulbFiLKl/XBFqE1GSq7atu8tAmTRI=
github.com/google/go-cmp v0.6.0/go.mod h1:17dUlkBOakJ0+DkrSSNjCkIjxS6bF9zb3elmeNGIjoY=
github.com/leshiy26/stepik/module2 v0.0.0-20231013202216-edceb4f20254 h1:lV9R/T18Zxe1gBFlm7j1Zf5xih/9d4wXQKIso/5xqzw=
github.com/leshiy26/stepik/module2 v0.0.0-20231013202216-edceb4f20254/go.mod h1:E9NGC1P13MRe8pe20Q5cT6p/D10fRsTHxJb4Q9perzM=
github.com/leshiy26/stepik/module2 v0.0.0-20231018060055-889c549d9182 h1:MQRlxb9etIqxzbC/62yqUgy7Sc8yws7XQj0iIbSuwxc=
github.com/leshiy26/stepik/module2 v0.0.0-20231018060055-889c549d9182/go.mod h1:E9NGC1P13MRe8pe20Q5cT6p/D10fRsTHxJb4Q9perzM=
